
Microsoft Visual Studio Solution File, Format Version 12.00
# Visual Studio Version 17
VisualStudioVersion = 17.3.32825.248
MinimumVisualStudioVersion = 10.0.40219.1
Project("{FAE04EC0-301F-11D3-BF4B-00C04F79EFBC}") = "Client", "Client.csproj", "{CF61287B-65AD-4AFD-B63F-4D6B7FF778B1}"
EndProject
Global
	GlobalSection(SolutionConfigurationPlatforms) = preSolution
		Debug|Any CPU = Debug|Any CPU
		Release|Any CPU = Release|Any CPU
	EndGlobalSection
	GlobalSection(ProjectConfigurationPlatforms) = postSolution
		{CF61287B-65AD-4AFD-B63F-4D6B7FF778B1}.Debug|Any CPU.ActiveCfg = Debug|Any CPU
		{CF61287B-65AD-4AFD-B63F-4D6B7FF778B1}.Debug|Any CPU.Build.0 = Debug|Any CPU
		{CF61287B-65AD-4AFD-B63F-4D6B7FF778B1}.Release|Any CPU.ActiveCfg = Release|Any CPU
		{CF61287B-65AD-4AFD-B63F-4D6B7FF778B1}.Release|Any CPU.Build.0 = Release|Any CPU
	EndGlobalSection
	GlobalSection(SolutionProperties) = preSolution
		HideSolutionNode = FALSE
	EndGlobalSection
	GlobalSection(ExtensibilityGlobals) = postSolution
		SolutionGuid = {27F54FF8-ABF1-4231-BB58-F9FF8C398EF5}
	EndGlobalSection
EndGlobal
